
Microsoft Visual Studio Solution File, Format Version 12.00
# Visual Studio Version 17
VisualStudioVersion = 17.5.002.0
MinimumVisualStudioVersion = 10.0.40219.1
Project("{9A19103F-16F7-4668-BE54-9A1E7A4F7556}") = "Modul_1", "Modul_1.csproj", "{E2A80F84-9850-4EC3-9FCF-718FA44D3F5D}"
EndProject
Global
	GlobalSection(SolutionConfigurationPlatforms) = preSolution
		Debug|Any CPU = Debug|Any CPU
		Release|Any CPU = Release|Any CPU
	EndGlobalSection
	GlobalSection(ProjectConfigurationPlatforms) = postSolution
		{E2A80F84-9850-4EC3-9FCF-718FA44D3F5D}.Debug|Any CPU.ActiveCfg = Debug|Any CPU
		{E2A80F84-9850-4EC3-9FCF-718FA44D3F5D}.Debug|Any CPU.Build.0 = Debug|Any CPU
		{E2A80F84-9850-4EC3-9FCF-718FA44D3F5D}.Release|Any CPU.ActiveCfg = Release|Any CPU
		{E2A80F84-9850-4EC3-9FCF-718FA44D3F5D}.Release|Any CPU.Build.0 = Release|Any CPU
	EndGlobalSection
	GlobalSection(SolutionProperties) = preSolution
		HideSolutionNode = FALSE
	EndGlobalSection
	GlobalSection(ExtensibilityGlobals) = postSolution
		SolutionGuid = {EA4ECFBD-33BD-4183-BBAC-D8E23F8498BA}
	EndGlobalSection
EndGlobal
